
Microsoft Visual Studio Solution File, Format Version 12.00
# Visual Studio Version 16
VisualStudioVersion = 16.0.30225.117
MinimumVisualStudioVersion = 10.0.40219.1
Project("{FAE04EC0-301F-11D3-BF4B-00C04F79EFBC}") = "ItSerwis_Merge_v2", "ItSerwis_Merge_v2.csproj", "{8C9240CD-1EF9-4821-B852-8BCD43877DCE}"
EndProject
Project("{FAE04EC0-301F-11D3-BF4B-00C04F79EFBC}") = "ItSerwisAPI", "..\ItSerwisAPI\ItSerwisAPI.csproj", "{A6D20A3D-A8B3-4836-871D-9F148918A1E2}"
EndProject
Project("{FAE04EC0-301F-11D3-BF4B-00C04F79EFBC}") = "ItSerwisAPI.Tests", "ItSerwisAPI.Tests\ItSerwisAPI.Tests.csproj", "{BBEB5B77-8106-4E56-AE1C-9A4CCFAA06A9}"
EndProject
Global
	GlobalSection(SolutionConfigurationPlatforms) = preSolution
		Debug|Any CPU = Debug|Any CPU
		Release|Any CPU = Release|Any CPU
	EndGlobalSection
	GlobalSection(ProjectConfigurationPlatforms) = postSolution
		{8C9240CD-1EF9-4821-B852-8BCD43877DCE}.Debug|Any CPU.ActiveCfg = Debug|Any CPU
		{8C9240CD-1EF9-4821-B852-8BCD43877DCE}.Debug|Any CPU.Build.0 = Debug|Any CPU
		{8C9240CD-1EF9-4821-B852-8BCD43877DCE}.Release|Any CPU.ActiveCfg = Release|Any CPU
		{8C9240CD-1EF9-4821-B852-8BCD43877DCE}.Release|Any CPU.Build.0 = Release|Any CPU
		{A6D20A3D-A8B3-4836-871D-9F148918A1E2}.Debug|Any CPU.ActiveCfg = Debug|Any CPU
		{A6D20A3D-A8B3-4836-871D-9F148918A1E2}.Debug|Any CPU.Build.0 = Debug|Any CPU
		{A6D20A3D-A8B3-4836-871D-9F148918A1E2}.Release|Any CPU.ActiveCfg = Release|Any CPU
		{A6D20A3D-A8B3-4836-871D-9F148918A1E2}.Release|Any CPU.Build.0 = Release|Any CPU
		{BBEB5B77-8106-4E56-AE1C-9A4CCFAA06A9}.Debug|Any CPU.ActiveCfg = Debug|Any CPU
		{BBEB5B77-8106-4E56-AE1C-9A4CCFAA06A9}.Debug|Any CPU.Build.0 = Debug|Any CPU
		{BBEB5B77-8106-4E56-AE1C-9A4CCFAA06A9}.Release|Any CPU.ActiveCfg = Release|Any CPU
		{BBEB5B77-8106-4E56-AE1C-9A4CCFAA06A9}.Release|Any CPU.Build.0 = Release|Any CPU
	EndGlobalSection
	GlobalSection(SolutionProperties) = preSolution
		HideSolutionNode = FALSE
	EndGlobalSection
	GlobalSection(ExtensibilityGlobals) = postSolution
		SolutionGuid = {98984D09-1965-44CB-B7E8-C84FECD3F58F}
	EndGlobalSection
EndGlobal
